{
    "_meta": {
        "hash": {
            "sha256": "99dd442549a9367e86df98842c12179fdd14cf7ae84d3abd97a72a65f4c596ca"
        },
        "pipfile-spec": 6,
        "requires": {
            "python_version": "3.7"
        },
        "sources": [
            {
                "name": "pypi",
                "url": "https://pypi.org/simple",
                "verify_ssl": true
            }
        ]
    },
    "default": {
        "capstone": {
            "hashes": [
                "sha256:5857accc0de1e769b0ec0a0ca985715bfa96e5a66a2ebb3aaed43a8e3655377f",
                "sha256:5d97df74a8ffdd02706bc67155b7d41dd3ca8ff2caa034f8e54b99044b96037e",
                "sha256:a85763eccae63c3b7a1123a17afcda03303771b18db38a44453055ff360edd94",
                "sha256:dae578f97b24212fb97a5c833342e56c69e7fb71502187a0b51a4326381e4204",
                "sha256:ee7f55aa4326b1e345b1fb28d1b0798974503e914b006cc9806431e8c3e95549"
            ],
            "index": "pypi",
            "version": "==4.0.1"
        },
        "enum34": {
            "hashes": [
                "sha256:2d81cbbe0e73112bdfe6ef8576f2238f2ba27dd0d55752a776c41d38b7da2850",
                "sha256:644837f692e5f550741432dd3f223bbb9852018674981b1664e5dc339387588a",
                "sha256:6bd0f6ad48ec2aa117d3d141940d484deccda84d4fcd884f5c3d93c23ecd8c79",
                "sha256:8ad8c4783bf61ded74527bffb48ed9b54166685e4230386a9ed9b1279e2df5b1"
            ],
            "index": "pypi",
            "version": "==1.1.6"
        },
        "typing": {
            "hashes": [
                "sha256:4027c5f6127a6267a435201981ba156de91ad0d1d98e9ddc2aa173453453492d",
                "sha256:57dcf675a99b74d64dacf6fba08fb17cf7e3d5fdff53d4a30ea2a5e7e52543d4",
                "sha256:a4c8473ce11a65999c8f59cb093e70686b6c84c98df58c1dae9b3b196089858a"
            ],
            "index": "pypi",
            "version": "==3.6.6"
        }
    },
    "develop": {}
}
